
Microsoft Visual Studio Solution File, Format Version 12.00
# Visual Studio Version 16
VisualStudioVersion = 16.0.31424.327
MinimumVisualStudioVersion = 10.0.40219.1
Project("{FAE04EC0-301F-11D3-BF4B-00C04F79EFBC}") = "EntelectCompanyCup2021v2", "EntelectCompanyCup2021v2\EntelectCompanyCup2021v2.csproj", "{B69B3BC9-903D-467C-B08A-06FA27C816D1}"
EndProject
Global
	GlobalSection(SolutionConfigurationPlatforms) = preSolution
		Debug|Any CPU = Debug|Any CPU
		Release|Any CPU = Release|Any CPU
	EndGlobalSection
	GlobalSection(ProjectConfigurationPlatforms) = postSolution
		{B69B3BC9-903D-467C-B08A-06FA27C816D1}.Debug|Any CPU.ActiveCfg = Debug|Any CPU
		{B69B3BC9-903D-467C-B08A-06FA27C816D1}.Debug|Any CPU.Build.0 = Debug|Any CPU
		{B69B3BC9-903D-467C-B08A-06FA27C816D1}.Release|Any CPU.ActiveCfg = Release|Any CPU
		{B69B3BC9-903D-467C-B08A-06FA27C816D1}.Release|Any CPU.Build.0 = Release|Any CPU
	EndGlobalSection
	GlobalSection(SolutionProperties) = preSolution
		HideSolutionNode = FALSE
	EndGlobalSection
	GlobalSection(ExtensibilityGlobals) = postSolution
		SolutionGuid = {A6205A04-3EE0-4466-93B9-C886C1114127}
	EndGlobalSection
EndGlobal
